
Microsoft Visual Studio Solution File, Format Version 12.00
# Visual Studio 15
VisualStudioVersion = 15.0.28307.960
MinimumVisualStudioVersion = 10.0.40219.1
Project("{FAE04EC0-301F-11D3-BF4B-00C04F79EFBC}") = "Client_Server", "Client_Server\Client_Server.csproj", "{D0A144F0-F216-4952-8609-318F38015087}"
EndProject
Global
	GlobalSection(SolutionConfigurationPlatforms) = preSolution
		Debug|Any CPU = Debug|Any CPU
		Release|Any CPU = Release|Any CPU
	EndGlobalSection
	GlobalSection(ProjectConfigurationPlatforms) = postSolution
		{D0A144F0-F216-4952-8609-318F38015087}.Debug|Any CPU.ActiveCfg = Debug|Any CPU
		{D0A144F0-F216-4952-8609-318F38015087}.Debug|Any CPU.Build.0 = Debug|Any CPU
		{D0A144F0-F216-4952-8609-318F38015087}.Release|Any CPU.ActiveCfg = Release|Any CPU
		{D0A144F0-F216-4952-8609-318F38015087}.Release|Any CPU.Build.0 = Release|Any CPU
	EndGlobalSection
	GlobalSection(SolutionProperties) = preSolution
		HideSolutionNode = FALSE
	EndGlobalSection
	GlobalSection(ExtensibilityGlobals) = postSolution
		SolutionGuid = {9EAC9EF4-0842-469F-B50A-7EC7436CD324}
	EndGlobalSection
EndGlobal
